# This file is autogenerated, do not edit; changes may be undone by the next 'dep ensure'.


[[projects]]
  name = "github.com/PuerkitoBio/gocrawl"
  packages = ["."]
  revision = "1f1a7bee20f4768c9acd330d9d4f4064ac5f7311"
  version = "v1.0.0"

[[projects]]
  name = "github.com/PuerkitoBio/goquery"
  packages = ["."]
  revision = "a86ea073017a6beddef78c8659e7224e8ca634b0"
  version = "v1.4.0"

[[projects]]
  name = "github.com/PuerkitoBio/purell"
  packages = ["."]
  revision = "0bcb03f4b4d0a9428594752bd2a3b9aa0a9d4bd4"
  version = "v1.1.0"

[[projects]]
  branch = "master"
  name = "github.com/PuerkitoBio/urlesc"
  packages = ["."]
  revision = "de5bf2ad457846296e2031421a34e2568e304e35"

[[projects]]
  branch = "master"
  name = "github.com/Yawning/chacha20"
  packages = ["."]
  revision = "e3b1f968fc6397b51d963fee8ec8711a47bc0ce8"

[[projects]]
  name = "github.com/andybalholm/cascadia"
  packages = ["."]
  revision = "901648c87902174f774fac311d7f176f8647bdaa"
  version = "v1.0.0"

[[projects]]
  branch = "master"
  name = "github.com/caffix/recon"
  packages = ["."]
  revision = "c943d78fe83cde3b6f160f5c39fcdebb7b57de20"

[[projects]]
  branch = "master"
  name = "github.com/gamexg/proxyclient"
  packages = ["."]
  revision = "7cd0c09b92ae6ea8afba75772b1d1e4bd1aa37eb"

[[projects]]
  branch = "master"
  name = "github.com/likexian/whois-go"
  packages = ["."]
  revision = "2a3082919f1b4c463346655d09826ae07a6c843f"

[[projects]]
  branch = "master"
  name = "github.com/likexian/whois-parser-go"
  packages = ["."]
  revision = "0b08057a6ac4996a9d1ae47c4767bcb8a4c033a1"

[[projects]]
  name = "github.com/miekg/dns"
  packages = ["."]
  revision = "5364553f1ee9cddc7ac8b62dce148309c386695b"
  version = "v1.0.4"

[[projects]]
  branch = "master"
  name = "github.com/sensepost/maltegolocal"
  packages = ["maltegolocal"]
  revision = "6d52c19f6de471736b63485a39cfe08d4a4ce253"

[[projects]]
  name = "github.com/shadowsocks/shadowsocks-go"
  packages = ["shadowsocks"]
  revision = "97a5c71f80ba5f5b3e549f14a619fe557ff4f3c9"
  version = "1.2.1"

[[projects]]
  branch = "master"
  name = "github.com/temoto/robotstxt.go"
  packages = ["."]
  revision = "9e4646fa705336d5b2fa9dddfafbe0a1a965acd7"

[[projects]]
  branch = "master"
  name = "golang.org/x/crypto"
  packages = [
    "blowfish",
    "cast5",
    "ed25519",
    "ed25519/internal/edwards25519",
    "salsa20/salsa"
  ]
  revision = "88942b9c40a4c9d203b82b3731787b672d6e809b"

[[projects]]
  branch = "master"
  name = "golang.org/x/net"
  packages = [
    "bpf",
    "html",
    "html/atom",
    "idna",
    "internal/iana",
    "internal/socket",
    "ipv4",
    "ipv6"
  ]
  revision = "6078986fec03a1dcc236c34816c71b0e05018fda"

[[projects]]
  name = "golang.org/x/text"
  packages = [
    "collate",
    "collate/build",
    "internal/colltab",
    "internal/gen",
    "internal/tag",
    "internal/triegen",
    "internal/ucd",
    "language",
    "secure/bidirule",
    "transform",
    "unicode/bidi",
    "unicode/cldr",
    "unicode/norm",
    "unicode/rangetable",
    "width"
  ]
  revision = "f21a4dfb5e38f5895301dc265a8def02365cc3d0"
  version = "v0.3.0"

[solve-meta]
  analyzer-name = "dep"
  analyzer-version = 1
  inputs-digest = "49cb914a57983b121d6e431a288edf9a85b6830b0931a97ea7e8aa39fa8852b2"
  solver-name = "gps-cdcl"
  solver-version = 1
